// !$*UTF8*$!
{
	archiveVersion = 1;
	classes = {
	};
	objectVersion = 52;
	objects = {

/* Begin PBXBuildFile section */
		DBD4B52A9B3DA1CC3E75CFC8 /* Pods_MoviesLoader.framework in Frameworks */ = {isa = PBXBuildFile; fileRef = 2773FF0AAD48D1CC163E1299 /* Pods_MoviesLoader.framework */; };
		E318B5CD248EA1C8001AC1F4 /* SceneDelegate.swift in Sources */ = {isa = PBXBuildFile; fileRef = E318B5CC248EA1C8001AC1F4 /* SceneDelegate.swift */; };
		E318B5CF248EB9BC001AC1F4 /* ImageView.swift in Sources */ = {isa = PBXBuildFile; fileRef = E318B5CE248EB9BC001AC1F4 /* ImageView.swift */; };
		E318B5D2248EC124001AC1F4 /* MockMoviesHandler.swift in Sources */ = {isa = PBXBuildFile; fileRef = E318B5D1248EC124001AC1F4 /* MockMoviesHandler.swift */; };
		E318B5D5248EC271001AC1F4 /* NetworkTest.swift in Sources */ = {isa = PBXBuildFile; fileRef = E318B5D4248EC271001AC1F4 /* NetworkTest.swift */; };
		E36C3AEC248DA29E00BF11AD /* MovieDetailsPresenter.swift in Sources */ = {isa = PBXBuildFile; fileRef = E36C3AEB248DA29E00BF11AD /* MovieDetailsPresenter.swift */; };
		E36C3AF2248DA8E000BF11AD /* MovieDetailsProtocol.swift in Sources */ = {isa = PBXBuildFile; fileRef = E36C3AF1248DA8E000BF11AD /* MovieDetailsProtocol.swift */; };
		E36EC52C24896F780012849C /* AppDelegate.swift in Sources */ = {isa = PBXBuildFile; fileRef = E36EC52B24896F780012849C /* AppDelegate.swift */; };
		E36EC53324896F780012849C /* Main.storyboard in Resources */ = {isa = PBXBuildFile; fileRef = E36EC53124896F780012849C /* Main.storyboard */; };
		E36EC53624896F780012849C /* MoviesLoader.xcdatamodeld in Sources */ = {isa = PBXBuildFile; fileRef = E36EC53424896F780012849C /* MoviesLoader.xcdatamodeld */; };
		E36EC53824896F7C0012849C /* Assets.xcassets in Resources */ = {isa = PBXBuildFile; fileRef = E36EC53724896F7C0012849C /* Assets.xcassets */; };
		E36EC53B24896F7C0012849C /* LaunchScreen.storyboard in Resources */ = {isa = PBXBuildFile; fileRef = E36EC53924896F7C0012849C /* LaunchScreen.storyboard */; };
		E36EC54624896F7D0012849C /* MoviesLoaderTests.swift in Sources */ = {isa = PBXBuildFile; fileRef = E36EC54524896F7D0012849C /* MoviesLoaderTests.swift */; };
		E36EC561248977160012849C /* Movie.swift in Sources */ = {isa = PBXBuildFile; fileRef = E36EC560248977160012849C /* Movie.swift */; };
		E36EC566248977840012849C /* MovieCell.swift in Sources */ = {isa = PBXBuildFile; fileRef = E36EC564248977840012849C /* MovieCell.swift */; };
		E36EC567248977840012849C /* MovieCell.xib in Resources */ = {isa = PBXBuildFile; fileRef = E36EC565248977840012849C /* MovieCell.xib */; };
		E36EC56C248979260012849C /* MoviesTableViewConfigration.swift in Sources */ = {isa = PBXBuildFile; fileRef = E36EC56B248979260012849C /* MoviesTableViewConfigration.swift */; };
		E36EC56E248979850012849C /* MoviesListViewController.swift in Sources */ = {isa = PBXBuildFile; fileRef = E36EC56D248979850012849C /* MoviesListViewController.swift */; };
		E36EC57224897AE50012849C /* MoviesListPresenter.swift in Sources */ = {isa = PBXBuildFile; fileRef = E36EC57124897AE50012849C /* MoviesListPresenter.swift */; };
		E36EC57724897BCB0012849C /* API.swift in Sources */ = {isa = PBXBuildFile; fileRef = E36EC57624897BCB0012849C /* API.swift */; };
		E36EC579248980350012849C /* ColorPalette.swift in Sources */ = {isa = PBXBuildFile; fileRef = E36EC578248980350012849C /* ColorPalette.swift */; };
		E36EC57B248991580012849C /* Genre.swift in Sources */ = {isa = PBXBuildFile; fileRef = E36EC57A248991580012849C /* Genre.swift */; };
		E36EC57D248991650012849C /* AllMovies.swift in Sources */ = {isa = PBXBuildFile; fileRef = E36EC57C248991650012849C /* AllMovies.swift */; };
		E36EC57F2489B0290012849C /* HTTPRequest.swift in Sources */ = {isa = PBXBuildFile; fileRef = E36EC57E2489B0290012849C /* HTTPRequest.swift */; };
		E36EC5812489B4710012849C /* DataResponseError.swift in Sources */ = {isa = PBXBuildFile; fileRef = E36EC5802489B4710012849C /* DataResponseError.swift */; };
		E36EC5832489B5110012849C /* StringExtensions.swift in Sources */ = {isa = PBXBuildFile; fileRef = E36EC5822489B5110012849C /* StringExtensions.swift */; };
		E36EC5852489B6CE0012849C /* Result.swift in Sources */ = {isa = PBXBuildFile; fileRef = E36EC5842489B6CE0012849C /* Result.swift */; };
		E36EC5872489C1120012849C /* JsonParser.swift in Sources */ = {isa = PBXBuildFile; fileRef = E36EC5862489C1120012849C /* JsonParser.swift */; };
		E36EC589248A94980012849C /* TableViewCell.swift in Sources */ = {isa = PBXBuildFile; fileRef = E36EC588248A94980012849C /* TableViewCell.swift */; };
		E36EC58B248A94F90012849C /* RepositoryProtocol.swift in Sources */ = {isa = PBXBuildFile; fileRef = E36EC58A248A94F90012849C /* RepositoryProtocol.swift */; };
		E36EC58D248A96480012849C /* RepositoryImp.swift in Sources */ = {isa = PBXBuildFile; fileRef = E36EC58C248A96480012849C /* RepositoryImp.swift */; };
		E36EC591248A99F00012849C /* MoviesListViewProtocol.swift in Sources */ = {isa = PBXBuildFile; fileRef = E36EC590248A99F00012849C /* MoviesListViewProtocol.swift */; };
		E36EC59F248ADCDB0012849C /* View.swift in Sources */ = {isa = PBXBuildFile; fileRef = E36EC59E248ADCDB0012849C /* View.swift */; };
		E36EC5A2248AE97A0012849C /* Kingfisher in Frameworks */ = {isa = PBXBuildFile; productRef = E36EC5A1248AE97A0012849C /* Kingfisher */; };
		E36EC5A8248BDCD80012849C /* MovieDetailsViewController.swift in Sources */ = {isa = PBXBuildFile; fileRef = E36EC5A7248BDCD80012849C /* MovieDetailsViewController.swift */; };
		E36EC5AA248BE5F70012849C /* CoreDataHandler.swift in Sources */ = {isa = PBXBuildFile; fileRef = E36EC5A9248BE5F70012849C /* CoreDataHandler.swift */; };
		E36EC5AE248BFDAF0012849C /* LocalDataResponse.swift in Sources */ = {isa = PBXBuildFile; fileRef = E36EC5AD248BFDAF0012849C /* LocalDataResponse.swift */; };
		EDCA4F390FBE664AB1B95190 /* Pods_MoviesLoaderTests.framework in Frameworks */ = {isa = PBXBuildFile; fileRef = C0FB998D0179337239D79BFD /* Pods_MoviesLoaderTests.framework */; };
/* End PBXBuildFile section */

/* Begin PBXContainerItemProxy section */
		E36EC54224896F7D0012849C /* PBXContainerItemProxy */ = {
			isa = PBXContainerItemProxy;
			containerPortal = E36EC52024896F780012849C /* Project object */;
			proxyType = 1;
			remoteGlobalIDString = E36EC52724896F780012849C;
			remoteInfo = MoviesLoader;
		};
/* End PBXContainerItemProxy section */

/* Begin PBXFileReference section */
		2773FF0AAD48D1CC163E1299 /* Pods_MoviesLoader.framework */ = {isa = PBXFileReference; explicitFileType = wrapper.framework; includeInIndex = 0; path = Pods_MoviesLoader.framework; sourceTree = BUILT_PRODUCTS_DIR; };
		50CE6C9E3D7AE1E035FE5A76 /* Pods-MoviesLoader.release.xcconfig */ = {isa = PBXFileReference; includeInIndex = 1; lastKnownFileType = text.xcconfig; name = "Pods-MoviesLoader.release.xcconfig"; path = "Target Support Files/Pods-MoviesLoader/Pods-MoviesLoader.release.xcconfig"; sourceTree = "<group>"; };
		72758974BC8BF9218BD0832D /* Pods-MoviesLoader.debug.xcconfig */ = {isa = PBXFileReference; includeInIndex = 1; lastKnownFileType = text.xcconfig; name = "Pods-MoviesLoader.debug.xcconfig"; path = "Target Support Files/Pods-MoviesLoader/Pods-MoviesLoader.debug.xcconfig"; sourceTree = "<group>"; };
		898A743182327F57972B31B1 /* Pods-MoviesLoaderTests.release.xcconfig */ = {isa = PBXFileReference; includeInIndex = 1; lastKnownFileType = text.xcconfig; name = "Pods-MoviesLoaderTests.release.xcconfig"; path = "Target Support Files/Pods-MoviesLoaderTests/Pods-MoviesLoaderTests.release.xcconfig"; sourceTree = "<group>"; };
		C0FB998D0179337239D79BFD /* Pods_MoviesLoaderTests.framework */ = {isa = PBXFileReference; explicitFileType = wrapper.framework; includeInIndex = 0; path = Pods_MoviesLoaderTests.framework; sourceTree = BUILT_PRODUCTS_DIR; };
		E318B5CC248EA1C8001AC1F4 /* SceneDelegate.swift */ = {isa = PBXFileReference; fileEncoding = 4; lastKnownFileType = sourcecode.swift; path = SceneDelegate.swift; sourceTree = "<group>"; };
		E318B5CE248EB9BC001AC1F4 /* ImageView.swift */ = {isa = PBXFileReference; lastKnownFileType = sourcecode.swift; path = ImageView.swift; sourceTree = "<group>"; };
		E318B5D1248EC124001AC1F4 /* MockMoviesHandler.swift */ = {isa = PBXFileReference; lastKnownFileType = sourcecode.swift; path = MockMoviesHandler.swift; sourceTree = "<group>"; };
		E318B5D4248EC271001AC1F4 /* NetworkTest.swift */ = {isa = PBXFileReference; lastKnownFileType = sourcecode.swift; path = NetworkTest.swift; sourceTree = "<group>"; };
		E36C3AEB248DA29E00BF11AD /* MovieDetailsPresenter.swift */ = {isa = PBXFileReference; lastKnownFileType = sourcecode.swift; path = MovieDetailsPresenter.swift; sourceTree = "<group>"; };
		E36C3AF1248DA8E000BF11AD /* MovieDetailsProtocol.swift */ = {isa = PBXFileReference; lastKnownFileType = sourcecode.swift; path = MovieDetailsProtocol.swift; sourceTree = "<group>"; };
		E36EC52824896F780012849C /* MoviesLoader.app */ = {isa = PBXFileReference; explicitFileType = wrapper.application; includeInIndex = 0; path = MoviesLoader.app; sourceTree = BUILT_PRODUCTS_DIR; };
		E36EC52B24896F780012849C /* AppDelegate.swift */ = {isa = PBXFileReference; lastKnownFileType = sourcecode.swift; path = AppDelegate.swift; sourceTree = "<group>"; };
		E36EC53224896F780012849C /* Base */ = {isa = PBXFileReference; lastKnownFileType = file.storyboard; name = Base; path = Base.lproj/Main.storyboard; sourceTree = "<group>"; };
		E36EC53524896F780012849C /* MoviesLoader.xcdatamodel */ = {isa = PBXFileReference; lastKnownFileType = wrapper.xcdatamodel; path = MoviesLoader.xcdatamodel; sourceTree = "<group>"; };
		E36EC53724896F7C0012849C /* Assets.xcassets */ = {isa = PBXFileReference; lastKnownFileType = folder.assetcatalog; path = Assets.xcassets; sourceTree = "<group>"; };
		E36EC53A24896F7C0012849C /* Base */ = {isa = PBXFileReference; lastKnownFileType = file.storyboard; name = Base; path = Base.lproj/LaunchScreen.storyboard; sourceTree = "<group>"; };
		E36EC53C24896F7D0012849C /* Info.plist */ = {isa = PBXFileReference; lastKnownFileType = text.plist.xml; path = Info.plist; sourceTree = "<group>"; };
		E36EC54124896F7D0012849C /* MoviesLoaderTests.xctest */ = {isa = PBXFileReference; explicitFileType = wrapper.cfbundle; includeInIndex = 0; path = MoviesLoaderTests.xctest; sourceTree = BUILT_PRODUCTS_DIR; };
		E36EC54524896F7D0012849C /* MoviesLoaderTests.swift */ = {isa = PBXFileReference; lastKnownFileType = sourcecode.swift; path = MoviesLoaderTests.swift; sourceTree = "<group>"; };
		E36EC54724896F7D0012849C /* Info.plist */ = {isa = PBXFileReference; lastKnownFileType = text.plist.xml; path = Info.plist; sourceTree = "<group>"; };
		E36EC560248977160012849C /* Movie.swift */ = {isa = PBXFileReference; lastKnownFileType = sourcecode.swift; path = Movie.swift; sourceTree = "<group>"; };
		E36EC564248977840012849C /* MovieCell.swift */ = {isa = PBXFileReference; lastKnownFileType = sourcecode.swift; path = MovieCell.swift; sourceTree = "<group>"; };
		E36EC565248977840012849C /* MovieCell.xib */ = {isa = PBXFileReference; lastKnownFileType = file.xib; path = MovieCell.xib; sourceTree = "<group>"; };
		E36EC56B248979260012849C /* MoviesTableViewConfigration.swift */ = {isa = PBXFileReference; lastKnownFileType = sourcecode.swift; path = MoviesTableViewConfigration.swift; sourceTree = "<group>"; };
		E36EC56D248979850012849C /* MoviesListViewController.swift */ = {isa = PBXFileReference; lastKnownFileType = sourcecode.swift; path = MoviesListViewController.swift; sourceTree = "<group>"; };
		E36EC57124897AE50012849C /* MoviesListPresenter.swift */ = {isa = PBXFileReference; lastKnownFileType = sourcecode.swift; path = MoviesListPresenter.swift; sourceTree = "<group>"; };
		E36EC57624897BCB0012849C /* API.swift */ = {isa = PBXFileReference; lastKnownFileType = sourcecode.swift; path = API.swift; sourceTree = "<group>"; };
		E36EC578248980350012849C /* ColorPalette.swift */ = {isa = PBXFileReference; lastKnownFileType = sourcecode.swift; path = ColorPalette.swift; sourceTree = "<group>"; };
		E36EC57A248991580012849C /* Genre.swift */ = {isa = PBXFileReference; lastKnownFileType = sourcecode.swift; path = Genre.swift; sourceTree = "<group>"; };
		E36EC57C248991650012849C /* AllMovies.swift */ = {isa = PBXFileReference; lastKnownFileType = sourcecode.swift; path = AllMovies.swift; sourceTree = "<group>"; };
		E36EC57E2489B0290012849C /* HTTPRequest.swift */ = {isa = PBXFileReference; lastKnownFileType = sourcecode.swift; path = HTTPRequest.swift; sourceTree = "<group>"; };
		E36EC5802489B4710012849C /* DataResponseError.swift */ = {isa = PBXFileReference; lastKnownFileType = sourcecode.swift; path = DataResponseError.swift; sourceTree = "<group>"; };
		E36EC5822489B5110012849C /* StringExtensions.swift */ = {isa = PBXFileReference; lastKnownFileType = sourcecode.swift; path = StringExtensions.swift; sourceTree = "<group>"; };
		E36EC5842489B6CE0012849C /* Result.swift */ = {isa = PBXFileReference; lastKnownFileType = sourcecode.swift; path = Result.swift; sourceTree = "<group>"; };
		E36EC5862489C1120012849C /* JsonParser.swift */ = {isa = PBXFileReference; lastKnownFileType = sourcecode.swift; path = JsonParser.swift; sourceTree = "<group>"; };
		E36EC588248A94980012849C /* TableViewCell.swift */ = {isa = PBXFileReference; lastKnownFileType = sourcecode.swift; path = TableViewCell.swift; sourceTree = "<group>"; };
		E36EC58A248A94F90012849C /* RepositoryProtocol.swift */ = {isa = PBXFileReference; lastKnownFileType = sourcecode.swift; path = RepositoryProtocol.swift; sourceTree = "<group>"; };
		E36EC58C248A96480012849C /* RepositoryImp.swift */ = {isa = PBXFileReference; lastKnownFileType = sourcecode.swift; path = RepositoryImp.swift; sourceTree = "<group>"; };
		E36EC590248A99F00012849C /* MoviesListViewProtocol.swift */ = {isa = PBXFileReference; fileEncoding = 4; lastKnownFileType = sourcecode.swift; path = MoviesListViewProtocol.swift; sourceTree = "<group>"; };
		E36EC59E248ADCDB0012849C /* View.swift */ = {isa = PBXFileReference; lastKnownFileType = sourcecode.swift; path = View.swift; sourceTree = "<group>"; };
		E36EC5A7248BDCD80012849C /* MovieDetailsViewController.swift */ = {isa = PBXFileReference; lastKnownFileType = sourcecode.swift; path = MovieDetailsViewController.swift; sourceTree = "<group>"; };
		E36EC5A9248BE5F70012849C /* CoreDataHandler.swift */ = {isa = PBXFileReference; lastKnownFileType = sourcecode.swift; path = CoreDataHandler.swift; sourceTree = "<group>"; };
		E36EC5AD248BFDAF0012849C /* LocalDataResponse.swift */ = {isa = PBXFileReference; lastKnownFileType = sourcecode.swift; path = LocalDataResponse.swift; sourceTree = "<group>"; };
		F9FF0D509CEABDC2BAC25786 /* Pods-MoviesLoaderTests.debug.xcconfig */ = {isa = PBXFileReference; includeInIndex = 1; lastKnownFileType = text.xcconfig; name = "Pods-MoviesLoaderTests.debug.xcconfig"; path = "Target Support Files/Pods-MoviesLoaderTests/Pods-MoviesLoaderTests.debug.xcconfig"; sourceTree = "<group>"; };
/* End PBXFileReference section */

/* Begin PBXFrameworksBuildPhase section */
		E36EC52524896F780012849C /* Frameworks */ = {
			isa = PBXFrameworksBuildPhase;
			buildActionMask = 2147483647;
			files = (
				E36EC5A2248AE97A0012849C /* Kingfisher in Frameworks */,
				DBD4B52A9B3DA1CC3E75CFC8 /* Pods_MoviesLoader.framework in Frameworks */,
			);
			runOnlyForDeploymentPostprocessing = 0;
		};
		E36EC53E24896F7D0012849C /* Frameworks */ = {
			isa = PBXFrameworksBuildPhase;
			buildActionMask = 2147483647;
			files = (
				EDCA4F390FBE664AB1B95190 /* Pods_MoviesLoaderTests.framework in Frameworks */,
			);
			runOnlyForDeploymentPostprocessing = 0;
		};
/* End PBXFrameworksBuildPhase section */

/* Begin PBXGroup section */
		45478034A9A9D9C2357193C9 /* Frameworks */ = {
			isa = PBXGroup;
			children = (
				2773FF0AAD48D1CC163E1299 /* Pods_MoviesLoader.framework */,
				C0FB998D0179337239D79BFD /* Pods_MoviesLoaderTests.framework */,
			);
			name = Frameworks;
			sourceTree = "<group>";
		};
		C29AD03928C4F8BC0D1ABC58 /* Pods */ = {
			isa = PBXGroup;
			children = (
				72758974BC8BF9218BD0832D /* Pods-MoviesLoader.debug.xcconfig */,
				50CE6C9E3D7AE1E035FE5A76 /* Pods-MoviesLoader.release.xcconfig */,
				F9FF0D509CEABDC2BAC25786 /* Pods-MoviesLoaderTests.debug.xcconfig */,
				898A743182327F57972B31B1 /* Pods-MoviesLoaderTests.release.xcconfig */,
			);
			path = Pods;
			sourceTree = "<group>";
		};
		E318B5D0248EBF00001AC1F4 /* mocks */ = {
			isa = PBXGroup;
			children = (
				E318B5D1248EC124001AC1F4 /* MockMoviesHandler.swift */,
			);
			path = mocks;
			sourceTree = "<group>";
		};
		E318B5D3248EC223001AC1F4 /* NetworkTest */ = {
			isa = PBXGroup;
			children = (
				E318B5D4248EC271001AC1F4 /* NetworkTest.swift */,
				E318B5D0248EBF00001AC1F4 /* mocks */,
			);
			path = NetworkTest;
			sourceTree = "<group>";
		};
		E36EC51F24896F780012849C = {
			isa = PBXGroup;
			children = (
				E36EC52A24896F780012849C /* MoviesLoader */,
				E36EC54424896F7D0012849C /* MoviesLoaderTests */,
				E36EC52924896F780012849C /* Products */,
				C29AD03928C4F8BC0D1ABC58 /* Pods */,
				45478034A9A9D9C2357193C9 /* Frameworks */,
			);
			sourceTree = "<group>";
		};
		E36EC52924896F780012849C /* Products */ = {
			isa = PBXGroup;
			children = (
				E36EC52824896F780012849C /* MoviesLoader.app */,
				E36EC54124896F7D0012849C /* MoviesLoaderTests.xctest */,
			);
			name = Products;
			sourceTree = "<group>";
		};
		E36EC52A24896F780012849C /* MoviesLoader */ = {
			isa = PBXGroup;
			children = (
				E36EC53C24896F7D0012849C /* Info.plist */,
				E36EC56F24897A750012849C /* Services */,
				E36EC551248971A70012849C /* Features */,
				E36EC5502489713B0012849C /* Resources */,
			);
			path = MoviesLoader;
			sourceTree = "<group>";
		};
		E36EC54424896F7D0012849C /* MoviesLoaderTests */ = {
			isa = PBXGroup;
			children = (
				E318B5D3248EC223001AC1F4 /* NetworkTest */,
				E36EC54524896F7D0012849C /* MoviesLoaderTests.swift */,
				E36EC54724896F7D0012849C /* Info.plist */,
			);
			path = MoviesLoaderTests;
			sourceTree = "<group>";
		};
		E36EC5502489713B0012849C /* Resources */ = {
			isa = PBXGroup;
			children = (
				E318B5CC248EA1C8001AC1F4 /* SceneDelegate.swift */,
				E36EC52B24896F780012849C /* AppDelegate.swift */,
				E36EC53924896F7C0012849C /* LaunchScreen.storyboard */,
				E36EC53724896F7C0012849C /* Assets.xcassets */,
			);
			path = Resources;
			sourceTree = "<group>";
		};
		E36EC551248971A70012849C /* Features */ = {
			isa = PBXGroup;
			children = (
				E36EC53124896F780012849C /* Main.storyboard */,
				E36EC5532489726F0012849C /* Movie Details */,
				E36EC552248972640012849C /* Movies List */,
			);
			path = Features;
			sourceTree = "<group>";
		};
		E36EC552248972640012849C /* Movies List */ = {
			isa = PBXGroup;
			children = (
				E36EC5562489733A0012849C /* View */,
				E36EC5572489733F0012849C /* Presenter */,
			);
			path = "Movies List";
			sourceTree = "<group>";
		};
		E36EC5532489726F0012849C /* Movie Details */ = {
			isa = PBXGroup;
			children = (
				E36EC555248972930012849C /* View */,
				E36EC554248972850012849C /* Presenter */,
			);
			path = "Movie Details";
			sourceTree = "<group>";
		};
		E36EC554248972850012849C /* Presenter */ = {
			isa = PBXGroup;
			children = (
				E36C3AEB248DA29E00BF11AD /* MovieDetailsPresenter.swift */,
			);
			path = Presenter;
			sourceTree = "<group>";
		};
		E36EC555248972930012849C /* View */ = {
			isa = PBXGroup;
			children = (
				E36EC569248978E90012849C /* Controllers */,
			);
			path = View;
			sourceTree = "<group>";
		};
		E36EC5562489733A0012849C /* View */ = {
			isa = PBXGroup;
			children = (
				E36EC563248977510012849C /* UI */,
				E36EC562248977480012849C /* Controllers */,
			);
			path = View;
			sourceTree = "<group>";
		};
		E36EC5572489733F0012849C /* Presenter */ = {
			isa = PBXGroup;
			children = (
				E36EC57124897AE50012849C /* MoviesListPresenter.swift */,
			);
			path = Presenter;
			sourceTree = "<group>";
		};
		E36EC55A248975C80012849C /* Model */ = {
			isa = PBXGroup;
			children = (
				E36EC5842489B6CE0012849C /* Result.swift */,
				E36EC55E248976EE0012849C /* Entities */,
				E36EC55D248976A80012849C /* Local Data Store */,
				E36EC55B248976880012849C /* Network */,
			);
			path = Model;
			sourceTree = "<group>";
		};
		E36EC55B248976880012849C /* Network */ = {
			isa = PBXGroup;
			children = (
				E36EC57E2489B0290012849C /* HTTPRequest.swift */,
				E36EC5802489B4710012849C /* DataResponseError.swift */,
				E36EC5862489C1120012849C /* JsonParser.swift */,
			);
			path = Network;
			sourceTree = "<group>";
		};
		E36EC55C248976990012849C /* Repository */ = {
			isa = PBXGroup;
			children = (
				E36EC58A248A94F90012849C /* RepositoryProtocol.swift */,
				E36EC58C248A96480012849C /* RepositoryImp.swift */,
			);
			path = Repository;
			sourceTree = "<group>";
		};
		E36EC55D248976A80012849C /* Local Data Store */ = {
			isa = PBXGroup;
			children = (
				E36EC53424896F780012849C /* MoviesLoader.xcdatamodeld */,
				E36EC5A9248BE5F70012849C /* CoreDataHandler.swift */,
				E36EC5AD248BFDAF0012849C /* LocalDataResponse.swift */,
			);
			path = "Local Data Store";
			sourceTree = "<group>";
		};
		E36EC55E248976EE0012849C /* Entities */ = {
			isa = PBXGroup;
			children = (
				E36EC560248977160012849C /* Movie.swift */,
				E36EC57A248991580012849C /* Genre.swift */,
				E36EC57C248991650012849C /* AllMovies.swift */,
			);
			path = Entities;
			sourceTree = "<group>";
		};
		E36EC562248977480012849C /* Controllers */ = {
			isa = PBXGroup;
			children = (
				E36EC590248A99F00012849C /* MoviesListViewProtocol.swift */,
				E36EC56D248979850012849C /* MoviesListViewController.swift */,
				E36EC56B248979260012849C /* MoviesTableViewConfigration.swift */,
				E36EC564248977840012849C /* MovieCell.swift */,
			);
			path = Controllers;
			sourceTree = "<group>";
		};
		E36EC563248977510012849C /* UI */ = {
			isa = PBXGroup;
			children = (
				E36EC565248977840012849C /* MovieCell.xib */,
			);
			path = UI;
			sourceTree = "<group>";
		};
		E36EC569248978E90012849C /* Controllers */ = {
			isa = PBXGroup;
			children = (
				E36EC5A7248BDCD80012849C /* MovieDetailsViewController.swift */,
				E36C3AF1248DA8E000BF11AD /* MovieDetailsProtocol.swift */,
			);
			path = Controllers;
			sourceTree = "<group>";
		};
		E36EC56F24897A750012849C /* Services */ = {
			isa = PBXGroup;
			children = (
				E36EC57524897BB80012849C /* Constants */,
				E36EC57024897A7D0012849C /* Extensions */,
				E36EC55A248975C80012849C /* Model */,
				E36EC55C248976990012849C /* Repository */,
			);
			path = Services;
			sourceTree = "<group>";
		};
		E36EC57024897A7D0012849C /* Extensions */ = {
			isa = PBXGroup;
			children = (
				E36EC5822489B5110012849C /* StringExtensions.swift */,
				E36EC588248A94980012849C /* TableViewCell.swift */,
				E36EC59E248ADCDB0012849C /* View.swift */,
				E318B5CE248EB9BC001AC1F4 /* ImageView.swift */,
			);
			path = Extensions;
			sourceTree = "<group>";
		};
		E36EC57524897BB80012849C /* Constants */ = {
			isa = PBXGroup;
			children = (
				E36EC57624897BCB0012849C /* API.swift */,
				E36EC578248980350012849C /* ColorPalette.swift */,
			);
			path = Constants;
			sourceTree = "<group>";
		};
/* End PBXGroup section */

/* Begin PBXNativeTarget section */
		E36EC52724896F780012849C /* MoviesLoader */ = {
			isa = PBXNativeTarget;
			buildConfigurationList = E36EC54A24896F7D0012849C /* Build configuration list for PBXNativeTarget "MoviesLoader" */;
			buildPhases = (
				C33EBF161A45A15C8741F35D /* [CP] Check Pods Manifest.lock */,
				E36EC52424896F780012849C /* Sources */,
				E36EC52524896F780012849C /* Frameworks */,
				E36EC52624896F780012849C /* Resources */,
				AC489C4101C6EA569C2C1476 /* [CP] Embed Pods Frameworks */,
			);
			buildRules = (
			);
			dependencies = (
			);
			name = MoviesLoader;
			packageProductDependencies = (
				E36EC5A1248AE97A0012849C /* Kingfisher */,
			);
			productName = MoviesLoader;
			productReference = E36EC52824896F780012849C /* MoviesLoader.app */;
			productType = "com.apple.product-type.application";
		};
		E36EC54024896F7D0012849C /* MoviesLoaderTests */ = {
			isa = PBXNativeTarget;
			buildConfigurationList = E36EC54D24896F7D0012849C /* Build configuration list for PBXNativeTarget "MoviesLoaderTests" */;
			buildPhases = (
				DD33C95B6EC659A5B2E9FD5F /* [CP] Check Pods Manifest.lock */,
				E36EC53D24896F7D0012849C /* Sources */,
				E36EC53E24896F7D0012849C /* Frameworks */,
				E36EC53F24896F7D0012849C /* Resources */,
			);
			buildRules = (
			);
			dependencies = (
				E36EC54324896F7D0012849C /* PBXTargetDependency */,
			);
			name = MoviesLoaderTests;
			productName = MoviesLoaderTests;
			productReference = E36EC54124896F7D0012849C /* MoviesLoaderTests.xctest */;
			productType = "com.apple.product-type.bundle.unit-test";
		};
/* End PBXNativeTarget section */

/* Begin PBXProject section */
		E36EC52024896F780012849C /* Project object */ = {
			isa = PBXProject;
			attributes = {
				LastSwiftUpdateCheck = 1130;
				LastUpgradeCheck = 1130;
				ORGANIZATIONNAME = iti;
				TargetAttributes = {
					E36EC52724896F780012849C = {
						CreatedOnToolsVersion = 11.3.1;
					};
					E36EC54024896F7D0012849C = {
						CreatedOnToolsVersion = 11.3.1;
						TestTargetID = E36EC52724896F780012849C;
					};
				};
			};
			buildConfigurationList = E36EC52324896F780012849C /* Build configuration list for PBXProject "MoviesLoader" */;
			compatibilityVersion = "Xcode 9.3";
			developmentRegion = en;
			hasScannedForEncodings = 0;
			knownRegions = (
				en,
				Base,
			);
			mainGroup = E36EC51F24896F780012849C;
			packageReferences = (
				E36EC5A0248AE97A0012849C /* XCRemoteSwiftPackageReference "Kingfisher" */,
			);
			productRefGroup = E36EC52924896F780012849C /* Products */;
			projectDirPath = "";
			projectRoot = "";
			targets = (
				E36EC52724896F780012849C /* MoviesLoader */,
				E36EC54024896F7D0012849C /* MoviesLoaderTests */,
			);
		};
/* End PBXProject section */

/* Begin PBXResourcesBuildPhase section */
		E36EC52624896F780012849C /* Resources */ = {
			isa = PBXResourcesBuildPhase;
			buildActionMask = 2147483647;
			files = (
				E36EC53B24896F7C0012849C /* LaunchScreen.storyboard in Resources */,
				E36EC53824896F7C0012849C /* Assets.xcassets in Resources */,
				E36EC567248977840012849C /* MovieCell.xib in Resources */,
				E36EC53324896F780012849C /* Main.storyboard in Resources */,
			);
			runOnlyForDeploymentPostprocessing = 0;
		};
		E36EC53F24896F7D0012849C /* Resources */ = {
			isa = PBXResourcesBuildPhase;
			buildActionMask = 2147483647;
			files = (
			);
			runOnlyForDeploymentPostprocessing = 0;
		};
/* End PBXResourcesBuildPhase section */

/* Begin PBXShellScriptBuildPhase section */
		AC489C4101C6EA569C2C1476 /* [CP] Embed Pods Frameworks */ = {
			isa = PBXShellScriptBuildPhase;
			buildActionMask = 2147483647;
			files = (
			);
			inputFileListPaths = (
				"${PODS_ROOT}/Target Support Files/Pods-MoviesLoader/Pods-MoviesLoader-frameworks-${CONFIGURATION}-input-files.xcfilelist",
			);
			name = "[CP] Embed Pods Frameworks";
			outputFileListPaths = (
				"${PODS_ROOT}/Target Support Files/Pods-MoviesLoader/Pods-MoviesLoader-frameworks-${CONFIGURATION}-output-files.xcfilelist",
			);
			runOnlyForDeploymentPostprocessing = 0;
			shellPath = /bin/sh;
			shellScript = "\"${PODS_ROOT}/Target Support Files/Pods-MoviesLoader/Pods-MoviesLoader-frameworks.sh\"\n";
			showEnvVarsInLog = 0;
		};
		C33EBF161A45A15C8741F35D /* [CP] Check Pods Manifest.lock */ = {
			isa = PBXShellScriptBuildPhase;
			buildActionMask = 2147483647;
			files = (
			);
			inputFileListPaths = (
			);
			inputPaths = (
				"${PODS_PODFILE_DIR_PATH}/Podfile.lock",
				"${PODS_ROOT}/Manifest.lock",
			);
			name = "[CP] Check Pods Manifest.lock";
			outputFileListPaths = (
			);
			outputPaths = (
				"$(DERIVED_FILE_DIR)/Pods-MoviesLoader-checkManifestLockResult.txt",
			);
			runOnlyForDeploymentPostprocessing = 0;
			shellPath = /bin/sh;
			shellScript = "diff \"${PODS_PODFILE_DIR_PATH}/Podfile.lock\" \"${PODS_ROOT}/Manifest.lock\" > /dev/null\nif [ $? != 0 ] ; then\n    # print error to STDERR\n    echo \"error: The sandbox is not in sync with the Podfile.lock. Run 'pod install' or update your CocoaPods installation.\" >&2\n    exit 1\nfi\n# This output is used by Xcode 'outputs' to avoid re-running this script phase.\necho \"SUCCESS\" > \"${SCRIPT_OUTPUT_FILE_0}\"\n";
			showEnvVarsInLog = 0;
		};
		DD33C95B6EC659A5B2E9FD5F /* [CP] Check Pods Manifest.lock */ = {
			isa = PBXShellScriptBuildPhase;
			buildActionMask = 2147483647;
			files = (
			);
			inputFileListPaths = (
			);
			inputPaths = (
				"${PODS_PODFILE_DIR_PATH}/Podfile.lock",
				"${PODS_ROOT}/Manifest.lock",
			);
			name = "[CP] Check Pods Manifest.lock";
			outputFileListPaths = (
			);
			outputPaths = (
				"$(DERIVED_FILE_DIR)/Pods-MoviesLoaderTests-checkManifestLockResult.txt",
			);
			runOnlyForDeploymentPostprocessing = 0;
			shellPath = /bin/sh;
			shellScript = "diff \"${PODS_PODFILE_DIR_PATH}/Podfile.lock\" \"${PODS_ROOT}/Manifest.lock\" > /dev/null\nif [ $? != 0 ] ; then\n    # print error to STDERR\n    echo \"error: The sandbox is not in sync with the Podfile.lock. Run 'pod install' or update your CocoaPods installation.\" >&2\n    exit 1\nfi\n# This output is used by Xcode 'outputs' to avoid re-running this script phase.\necho \"SUCCESS\" > \"${SCRIPT_OUTPUT_FILE_0}\"\n";
			showEnvVarsInLog = 0;
		};
/* End PBXShellScriptBuildPhase section */

/* Begin PBXSourcesBuildPhase section */
		E36EC52424896F780012849C /* Sources */ = {
			isa = PBXSourcesBuildPhase;
			buildActionMask = 2147483647;
			files = (
				E36EC59F248ADCDB0012849C /* View.swift in Sources */,
				E36EC5AA248BE5F70012849C /* CoreDataHandler.swift in Sources */,
				E36EC5AE248BFDAF0012849C /* LocalDataResponse.swift in Sources */,
				E36EC57724897BCB0012849C /* API.swift in Sources */,
				E36C3AEC248DA29E00BF11AD /* MovieDetailsPresenter.swift in Sources */,
				E36EC5A8248BDCD80012849C /* MovieDetailsViewController.swift in Sources */,
				E36EC56E248979850012849C /* MoviesListViewController.swift in Sources */,
				E36EC52C24896F780012849C /* AppDelegate.swift in Sources */,
				E36EC57B248991580012849C /* Genre.swift in Sources */,
				E36EC589248A94980012849C /* TableViewCell.swift in Sources */,
				E36EC58D248A96480012849C /* RepositoryImp.swift in Sources */,
				E36EC58B248A94F90012849C /* RepositoryProtocol.swift in Sources */,
				E36EC566248977840012849C /* MovieCell.swift in Sources */,
				E36EC57224897AE50012849C /* MoviesListPresenter.swift in Sources */,
				E36EC5872489C1120012849C /* JsonParser.swift in Sources */,
				E36EC5832489B5110012849C /* StringExtensions.swift in Sources */,
				E36EC591248A99F00012849C /* MoviesListViewProtocol.swift in Sources */,
				E36EC57D248991650012849C /* AllMovies.swift in Sources */,
				E36EC5812489B4710012849C /* DataResponseError.swift in Sources */,
				E318B5CF248EB9BC001AC1F4 /* ImageView.swift in Sources */,
				E318B5CD248EA1C8001AC1F4 /* SceneDelegate.swift in Sources */,
				E36EC56C248979260012849C /* MoviesTableViewConfigration.swift in Sources */,
				E36C3AF2248DA8E000BF11AD /* MovieDetailsProtocol.swift in Sources */,
				E36EC53624896F780012849C /* MoviesLoader.xcdatamodeld in Sources */,
				E36EC57F2489B0290012849C /* HTTPRequest.swift in Sources */,
				E36EC5852489B6CE0012849C /* Result.swift in Sources */,
				E36EC579248980350012849C /* ColorPalette.swift in Sources */,
				E36EC561248977160012849C /* Movie.swift in Sources */,
			);
			runOnlyForDeploymentPostprocessing = 0;
		};
		E36EC53D24896F7D0012849C /* Sources */ = {
			isa = PBXSourcesBuildPhase;
			buildActionMask = 2147483647;
			files = (
				E36EC54624896F7D0012849C /* MoviesLoaderTests.swift in Sources */,
				E318B5D5248EC271001AC1F4 /* NetworkTest.swift in Sources */,
				E318B5D2248EC124001AC1F4 /* MockMoviesHandler.swift in Sources */,
			);
			runOnlyForDeploymentPostprocessing = 0;
		};
/* End PBXSourcesBuildPhase section */

/* Begin PBXTargetDependency section */
		E36EC54324896F7D0012849C /* PBXTargetDependency */ = {
			isa = PBXTargetDependency;
			target = E36EC52724896F780012849C /* MoviesLoader */;
			targetProxy = E36EC54224896F7D0012849C /* PBXContainerItemProxy */;
		};
/* End PBXTargetDependency section */

/* Begin PBXVariantGroup section */
		E36EC53124896F780012849C /* Main.storyboard */ = {
			isa = PBXVariantGroup;
			children = (
				E36EC53224896F780012849C /* Base */,
			);
			name = Main.storyboard;
			sourceTree = "<group>";
		};
		E36EC53924896F7C0012849C /* LaunchScreen.storyboard */ = {
			isa = PBXVariantGroup;
			children = (
				E36EC53A24896F7C0012849C /* Base */,
			);
			name = LaunchScreen.storyboard;
			sourceTree = "<group>";
		};
/* End PBXVariantGroup section */

/* Begin XCBuildConfiguration section */
		E36EC54824896F7D0012849C /* Debug */ = {
			isa = XCBuildConfiguration;
			buildSettings = {
				ALWAYS_SEARCH_USER_PATHS = NO;
				CLANG_ANALYZER_NONNULL = YES;
				CLANG_ANALYZER_NUMBER_OBJECT_CONVERSION = YES_AGGRESSIVE;
				CLANG_CXX_LANGUAGE_STANDARD = "gnu++14";
				CLANG_CXX_LIBRARY = "libc++";
				CLANG_ENABLE_MODULES = YES;
				CLANG_ENABLE_OBJC_ARC = YES;
				CLANG_ENABLE_OBJC_WEAK = YES;
				CLANG_WARN_BLOCK_CAPTURE_AUTORELEASING = YES;
				CLANG_WARN_BOOL_CONVERSION = YES;
				CLANG_WARN_COMMA = YES;
				CLANG_WARN_CONSTANT_CONVERSION = YES;
				CLANG_WARN_DEPRECATED_OBJC_IMPLEMENTATIONS = YES;
				CLANG_WARN_DIRECT_OBJC_ISA_USAGE = YES_ERROR;
				CLANG_WARN_DOCUMENTATION_COMMENTS = YES;
				CLANG_WARN_EMPTY_BODY = YES;
				CLANG_WARN_ENUM_CONVERSION = YES;
				CLANG_WARN_INFINITE_RECURSION = YES;
				CLANG_WARN_INT_CONVERSION = YES;
				CLANG_WARN_NON_LITERAL_NULL_CONVERSION = YES;
				CLANG_WARN_OBJC_IMPLICIT_RETAIN_SELF = YES;
				CLANG_WARN_OBJC_LITERAL_CONVERSION = YES;
				CLANG_WARN_OBJC_ROOT_CLASS = YES_ERROR;
				CLANG_WARN_RANGE_LOOP_ANALYSIS = YES;
				CLANG_WARN_STRICT_PROTOTYPES = YES;
				CLANG_WARN_SUSPICIOUS_MOVE = YES;
				CLANG_WARN_UNGUARDED_AVAILABILITY = YES_AGGRESSIVE;
				CLANG_WARN_UNREACHABLE_CODE = YES;
				CLANG_WARN__DUPLICATE_METHOD_MATCH = YES;
				COPY_PHASE_STRIP = NO;
				DEBUG_INFORMATION_FORMAT = dwarf;
				ENABLE_STRICT_OBJC_MSGSEND = YES;
				ENABLE_TESTABILITY = YES;
				GCC_C_LANGUAGE_STANDARD = gnu11;
				GCC_DYNAMIC_NO_PIC = NO;
				GCC_NO_COMMON_BLOCKS = YES;
				GCC_OPTIMIZATION_LEVEL = 0;
				GCC_PREPROCESSOR_DEFINITIONS = (
					"DEBUG=1",
					"$(inherited)",
				);
				GCC_WARN_64_TO_32_BIT_CONVERSION = YES;
				GCC_WARN_ABOUT_RETURN_TYPE = YES_ERROR;
				GCC_WARN_UNDECLARED_SELECTOR = YES;
				GCC_WARN_UNINITIALIZED_AUTOS = YES_AGGRESSIVE;
				GCC_WARN_UNUSED_FUNCTION = YES;
				GCC_WARN_UNUSED_VARIABLE = YES;
				IPHONEOS_DEPLOYMENT_TARGET = 13.0;
				MTL_ENABLE_DEBUG_INFO = INCLUDE_SOURCE;
				MTL_FAST_MATH = YES;
				ONLY_ACTIVE_ARCH = YES;
				SDKROOT = iphoneos;
				SWIFT_ACTIVE_COMPILATION_CONDITIONS = DEBUG;
				SWIFT_OPTIMIZATION_LEVEL = "-Onone";
			};
			name = Debug;
		};
		E36EC54924896F7D0012849C /* Release */ = {
			isa = XCBuildConfiguration;
			buildSettings = {
				ALWAYS_SEARCH_USER_PATHS = NO;
				CLANG_ANALYZER_NONNULL = YES;
				CLANG_ANALYZER_NUMBER_OBJECT_CONVERSION = YES_AGGRESSIVE;
				CLANG_CXX_LANGUAGE_STANDARD = "gnu++14";
				CLANG_CXX_LIBRARY = "libc++";
				CLANG_ENABLE_MODULES = YES;
				CLANG_ENABLE_OBJC_ARC = YES;
				CLANG_ENABLE_OBJC_WEAK = YES;
				CLANG_WARN_BLOCK_CAPTURE_AUTORELEASING = YES;
				CLANG_WARN_BOOL_CONVERSION = YES;
				CLANG_WARN_COMMA = YES;
				CLANG_WARN_CONSTANT_CONVERSION = YES;
				CLANG_WARN_DEPRECATED_OBJC_IMPLEMENTATIONS = YES;
				CLANG_WARN_DIRECT_OBJC_ISA_USAGE = YES_ERROR;
				CLANG_WARN_DOCUMENTATION_COMMENTS = YES;
				CLANG_WARN_EMPTY_BODY = YES;
				CLANG_WARN_ENUM_CONVERSION = YES;
				CLANG_WARN_INFINITE_RECURSION = YES;
				CLANG_WARN_INT_CONVERSION = YES;
				CLANG_WARN_NON_LITERAL_NULL_CONVERSION = YES;
				CLANG_WARN_OBJC_IMPLICIT_RETAIN_SELF = YES;
				CLANG_WARN_OBJC_LITERAL_CONVERSION = YES;
				CLANG_WARN_OBJC_ROOT_CLASS = YES_ERROR;
				CLANG_WARN_RANGE_LOOP_ANALYSIS = YES;
				CLANG_WARN_STRICT_PROTOTYPES = YES;
				CLANG_WARN_SUSPICIOUS_MOVE = YES;
				CLANG_WARN_UNGUARDED_AVAILABILITY = YES_AGGRESSIVE;
				CLANG_WARN_UNREACHABLE_CODE = YES;
				CLANG_WARN__DUPLICATE_METHOD_MATCH = YES;
				COPY_PHASE_STRIP = NO;
				DEBUG_INFORMATION_FORMAT = "dwarf-with-dsym";
				ENABLE_NS_ASSERTIONS = NO;
				ENABLE_STRICT_OBJC_MSGSEND = YES;
				GCC_C_LANGUAGE_STANDARD = gnu11;
				GCC_NO_COMMON_BLOCKS = YES;
				GCC_WARN_64_TO_32_BIT_CONVERSION = YES;
				GCC_WARN_ABOUT_RETURN_TYPE = YES_ERROR;
				GCC_WARN_UNDECLARED_SELECTOR = YES;
				GCC_WARN_UNINITIALIZED_AUTOS = YES_AGGRESSIVE;
				GCC_WARN_UNUSED_FUNCTION = YES;
				GCC_WARN_UNUSED_VARIABLE = YES;
				IPHONEOS_DEPLOYMENT_TARGET = 13.0;
				MTL_ENABLE_DEBUG_INFO = NO;
				MTL_FAST_MATH = YES;
				SDKROOT = iphoneos;
				SWIFT_COMPILATION_MODE = wholemodule;
				SWIFT_OPTIMIZATION_LEVEL = "-O";
				VALIDATE_PRODUCT = YES;
			};
			name = Release;
		};
		E36EC54B24896F7D0012849C /* Debug */ = {
			isa = XCBuildConfiguration;
			baseConfigurationReference = 72758974BC8BF9218BD0832D /* Pods-MoviesLoader.debug.xcconfig */;
			buildSettings = {
				ASSETCATALOG_COMPILER_APPICON_NAME = AppIcon;
				CODE_SIGN_STYLE = Automatic;
				INFOPLIST_FILE = MoviesLoader/Info.plist;
				LD_RUNPATH_SEARCH_PATHS = (
					"$(inherited)",
					"@executable_path/Frameworks",
				);
				PRODUCT_BUNDLE_IDENTIFIER = com.iti.mad40.MoviesLoader;
				PRODUCT_NAME = "$(TARGET_NAME)";
				SWIFT_VERSION = 5.0;
				TARGETED_DEVICE_FAMILY = 1;
			};
			name = Debug;
		};
		E36EC54C24896F7D0012849C /* Release */ = {
			isa = XCBuildConfiguration;
			baseConfigurationReference = 50CE6C9E3D7AE1E035FE5A76 /* Pods-MoviesLoader.release.xcconfig */;
			buildSettings = {
				ASSETCATALOG_COMPILER_APPICON_NAME = AppIcon;
				CODE_SIGN_STYLE = Automatic;
				INFOPLIST_FILE = MoviesLoader/Info.plist;
				LD_RUNPATH_SEARCH_PATHS = (
					"$(inherited)",
					"@executable_path/Frameworks",
				);
				PRODUCT_BUNDLE_IDENTIFIER = com.iti.mad40.MoviesLoader;
				PRODUCT_NAME = "$(TARGET_NAME)";
				SWIFT_VERSION = 5.0;
				TARGETED_DEVICE_FAMILY = 1;
			};
			name = Release;
		};
		E36EC54E24896F7D0012849C /* Debug */ = {
			isa = XCBuildConfiguration;
			baseConfigurationReference = F9FF0D509CEABDC2BAC25786 /* Pods-MoviesLoaderTests.debug.xcconfig */;
			buildSettings = {
				ALWAYS_EMBED_SWIFT_STANDARD_LIBRARIES = YES;
				BUNDLE_LOADER = "$(TEST_HOST)";
				CODE_SIGN_STYLE = Automatic;
				INFOPLIST_FILE = MoviesLoaderTests/Info.plist;
				IPHONEOS_DEPLOYMENT_TARGET = 13.2;
				LD_RUNPATH_SEARCH_PATHS = (
					"$(inherited)",
					"@executable_path/Frameworks",
					"@loader_path/Frameworks",
				);
				PRODUCT_BUNDLE_IDENTIFIER = com.iti.mad40.MoviesLoaderTests;
				PRODUCT_NAME = "$(TARGET_NAME)";
				SWIFT_VERSION = 5.0;
				TARGETED_DEVICE_FAMILY = "1,2";
				TEST_HOST = "$(BUILT_PRODUCTS_DIR)/MoviesLoader.app/MoviesLoader";
			};
			name = Debug;
		};
		E36EC54F24896F7D0012849C /* Release */ = {
			isa = XCBuildConfiguration;
			baseConfigurationReference = 898A743182327F57972B31B1 /* Pods-MoviesLoaderTests.release.xcconfig */;
			buildSettings = {
				ALWAYS_EMBED_SWIFT_STANDARD_LIBRARIES = YES;
				BUNDLE_LOADER = "$(TEST_HOST)";
				CODE_SIGN_STYLE = Automatic;
				INFOPLIST_FILE = MoviesLoaderTests/Info.plist;
				IPHONEOS_DEPLOYMENT_TARGET = 13.2;
				LD_RUNPATH_SEARCH_PATHS = (
					"$(inherited)",
					"@executable_path/Frameworks",
					"@loader_path/Frameworks",
				);
				PRODUCT_BUNDLE_IDENTIFIER = com.iti.mad40.MoviesLoaderTests;
				PRODUCT_NAME = "$(TARGET_NAME)";
				SWIFT_VERSION = 5.0;
				TARGETED_DEVICE_FAMILY = "1,2";
				TEST_HOST = "$(BUILT_PRODUCTS_DIR)/MoviesLoader.app/MoviesLoader";
			};
			name = Release;
		};
/* End XCBuildConfiguration section */

/* Begin XCConfigurationList section */
		E36EC52324896F780012849C /* Build configuration list for PBXProject "MoviesLoader" */ = {
			isa = XCConfigurationList;
			buildConfigurations = (
				E36EC54824896F7D0012849C /* Debug */,
				E36EC54924896F7D0012849C /* Release */,
			);
			defaultConfigurationIsVisible = 0;
			defaultConfigurationName = Release;
		};
		E36EC54A24896F7D0012849C /* Build configuration list for PBXNativeTarget "MoviesLoader" */ = {
			isa = XCConfigurationList;
			buildConfigurations = (
				E36EC54B24896F7D0012849C /* Debug */,
				E36EC54C24896F7D0012849C /* Release */,
			);
			defaultConfigurationIsVisible = 0;
			defaultConfigurationName = Release;
		};
		E36EC54D24896F7D0012849C /* Build configuration list for PBXNativeTarget "MoviesLoaderTests" */ = {
			isa = XCConfigurationList;
			buildConfigurations = (
				E36EC54E24896F7D0012849C /* Debug */,
				E36EC54F24896F7D0012849C /* Release */,
			);
			defaultConfigurationIsVisible = 0;
			defaultConfigurationName = Release;
		};
/* End XCConfigurationList section */

/* Begin XCRemoteSwiftPackageReference section */
		E36EC5A0248AE97A0012849C /* XCRemoteSwiftPackageReference "Kingfisher" */ = {
			isa = XCRemoteSwiftPackageReference;
			repositoryURL = "https://github.com/onevcat/Kingfisher.git";
			requirement = {
				kind = upToNextMajorVersion;
				minimumVersion = 5.14.0;
			};
		};
/* End XCRemoteSwiftPackageReference section */

/* Begin XCSwiftPackageProductDependency section */
		E36EC5A1248AE97A0012849C /* Kingfisher */ = {
			isa = XCSwiftPackageProductDependency;
			package = E36EC5A0248AE97A0012849C /* XCRemoteSwiftPackageReference "Kingfisher" */;
			productName = Kingfisher;
		};
/* End XCSwiftPackageProductDependency section */

/* Begin XCVersionGroup section */
		E36EC53424896F780012849C /* MoviesLoader.xcdatamodeld */ = {
			isa = XCVersionGroup;
			children = (
				E36EC53524896F780012849C /* MoviesLoader.xcdatamodel */,
			);
			currentVersion = E36EC53524896F780012849C /* MoviesLoader.xcdatamodel */;
			path = MoviesLoader.xcdatamodeld;
			sourceTree = "<group>";
			versionGroupType = wrapper.xcdatamodel;
		};
/* End XCVersionGroup section */
	};
	rootObject = E36EC52024896F780012849C /* Project object */;
}
